
Microsoft Visual Studio Solution File, Format Version 12.00
# Visual Studio Version 17
VisualStudioVersion = 17.14.36518.9 d17.14
MinimumVisualStudioVersion = 10.0.40219.1
Project("{FAE04EC0-301F-11D3-BF4B-00C04F79EFBC}") = "Pizza Project", "Pizza Project.csproj", "{9EA8AB93-E2CB-4144-B8A4-3EBD165842F7}"
EndProject
Global
	GlobalSection(SolutionConfigurationPlatforms) = preSolution
		Debug|Any CPU = Debug|Any CPU
		Release|Any CPU = Release|Any CPU
	EndGlobalSection
	GlobalSection(ProjectConfigurationPlatforms) = postSolution
		{9EA8AB93-E2CB-4144-B8A4-3EBD165842F7}.Debug|Any CPU.ActiveCfg = Debug|Any CPU
		{9EA8AB93-E2CB-4144-B8A4-3EBD165842F7}.Debug|Any CPU.Build.0 = Debug|Any CPU
		{9EA8AB93-E2CB-4144-B8A4-3EBD165842F7}.Release|Any CPU.ActiveCfg = Release|Any CPU
		{9EA8AB93-E2CB-4144-B8A4-3EBD165842F7}.Release|Any CPU.Build.0 = Release|Any CPU
	EndGlobalSection
	GlobalSection(SolutionProperties) = preSolution
		HideSolutionNode = FALSE
	EndGlobalSection
	GlobalSection(ExtensibilityGlobals) = postSolution
		SolutionGuid = {876073B6-5FB0-4181-A81D-5D92C1DA4DA6}
	EndGlobalSection
EndGlobal
